// !$*UTF8*$!
{
	archiveVersion = 1;
	classes = {
	};
	objectVersion = 46;
	objects = {

/* Begin PBXBuildFile section */
		F67E691C1EC1CB890050BC4B /* AppDelegate.swift in Sources */ = {isa = PBXBuildFile; fileRef = F67E691B1EC1CB890050BC4B /* AppDelegate.swift */; };
		F67E691E1EC1CB890050BC4B /* ViewController.swift in Sources */ = {isa = PBXBuildFile; fileRef = F67E691D1EC1CB890050BC4B /* ViewController.swift */; };
		F67E69211EC1CB890050BC4B /* Main.storyboard in Resources */ = {isa = PBXBuildFile; fileRef = F67E691F1EC1CB890050BC4B /* Main.storyboard */; };
		F67E69241EC1CB890050BC4B /* CoreDataSearchTask.xcdatamodeld in Sources */ = {isa = PBXBuildFile; fileRef = F67E69221EC1CB890050BC4B /* CoreDataSearchTask.xcdatamodeld */; };
		F67E69261EC1CB890050BC4B /* Assets.xcassets in Resources */ = {isa = PBXBuildFile; fileRef = F67E69251EC1CB890050BC4B /* Assets.xcassets */; };
		F67E69291EC1CB890050BC4B /* LaunchScreen.storyboard in Resources */ = {isa = PBXBuildFile; fileRef = F67E69271EC1CB890050BC4B /* LaunchScreen.storyboard */; };
		F67E69311EC1CD420050BC4B /* CoreDataCollectionViewCell.swift in Sources */ = {isa = PBXBuildFile; fileRef = F67E69301EC1CD420050BC4B /* CoreDataCollectionViewCell.swift */; };
/* End PBXBuildFile section */

/* Begin PBXFileReference section */
		F67E69181EC1CB890050BC4B /* CoreDataSearchTask.app */ = {isa = PBXFileReference; explicitFileType = wrapper.application; includeInIndex = 0; path = CoreDataSearchTask.app; sourceTree = BUILT_PRODUCTS_DIR; };
		F67E691B1EC1CB890050BC4B /* AppDelegate.swift */ = {isa = PBXFileReference; lastKnownFileType = sourcecode.swift; path = AppDelegate.swift; sourceTree = "<group>"; };
		F67E691D1EC1CB890050BC4B /* ViewController.swift */ = {isa = PBXFileReference; lastKnownFileType = sourcecode.swift; path = ViewController.swift; sourceTree = "<group>"; };
		F67E69201EC1CB890050BC4B /* Base */ = {isa = PBXFileReference; lastKnownFileType = file.storyboard; name = Base; path = Base.lproj/Main.storyboard; sourceTree = "<group>"; };
		F67E69231EC1CB890050BC4B /* CoreDataSearchTask.xcdatamodel */ = {isa = PBXFileReference; lastKnownFileType = wrapper.xcdatamodel; path = CoreDataSearchTask.xcdatamodel; sourceTree = "<group>"; };
		F67E69251EC1CB890050BC4B /* Assets.xcassets */ = {isa = PBXFileReference; lastKnownFileType = folder.assetcatalog; path = Assets.xcassets; sourceTree = "<group>"; };
		F67E69281EC1CB890050BC4B /* Base */ = {isa = PBXFileReference; lastKnownFileType = file.storyboard; name = Base; path = Base.lproj/LaunchScreen.storyboard; sourceTree = "<group>"; };
		F67E692A1EC1CB8A0050BC4B /* Info.plist */ = {isa = PBXFileReference; lastKnownFileType = text.plist.xml; path = Info.plist; sourceTree = "<group>"; };
		F67E69301EC1CD420050BC4B /* CoreDataCollectionViewCell.swift */ = {isa = PBXFileReference; fileEncoding = 4; lastKnownFileType = sourcecode.swift; path = CoreDataCollectionViewCell.swift; sourceTree = "<group>"; };
/* End PBXFileReference section */

/* Begin PBXFrameworksBuildPhase section */
		F67E69151EC1CB890050BC4B /* Frameworks */ = {
			isa = PBXFrameworksBuildPhase;
			buildActionMask = 2147483647;
			files = (
			);
			runOnlyForDeploymentPostprocessing = 0;
		};
/* End PBXFrameworksBuildPhase section */

/* Begin PBXGroup section */
		F67E690F1EC1CB890050BC4B = {
			isa = PBXGroup;
			children = (
				F67E691A1EC1CB890050BC4B /* CoreDataSearchTask */,
				F67E69191EC1CB890050BC4B /* Products */,
			);
			sourceTree = "<group>";
		};
		F67E69191EC1CB890050BC4B /* Products */ = {
			isa = PBXGroup;
			children = (
				F67E69181EC1CB890050BC4B /* CoreDataSearchTask.app */,
			);
			name = Products;
			sourceTree = "<group>";
		};
		F67E691A1EC1CB890050BC4B /* CoreDataSearchTask */ = {
			isa = PBXGroup;
			children = (
				F67E691B1EC1CB890050BC4B /* AppDelegate.swift */,
				F67E691D1EC1CB890050BC4B /* ViewController.swift */,
				F67E69301EC1CD420050BC4B /* CoreDataCollectionViewCell.swift */,
				F67E691F1EC1CB890050BC4B /* Main.storyboard */,
				F67E69251EC1CB890050BC4B /* Assets.xcassets */,
				F67E69271EC1CB890050BC4B /* LaunchScreen.storyboard */,
				F67E692A1EC1CB8A0050BC4B /* Info.plist */,
				F67E69221EC1CB890050BC4B /* CoreDataSearchTask.xcdatamodeld */,
			);
			path = CoreDataSearchTask;
			sourceTree = "<group>";
		};
/* End PBXGroup section */

/* Begin PBXNativeTarget section */
		F67E69171EC1CB890050BC4B /* CoreDataSearchTask */ = {
			isa = PBXNativeTarget;
			buildConfigurationList = F67E692D1EC1CB8A0050BC4B /* Build configuration list for PBXNativeTarget "CoreDataSearchTask" */;
			buildPhases = (
				F67E69141EC1CB890050BC4B /* Sources */,
				F67E69151EC1CB890050BC4B /* Frameworks */,
				F67E69161EC1CB890050BC4B /* Resources */,
			);
			buildRules = (
			);
			dependencies = (
			);
			name = CoreDataSearchTask;
			productName = CoreDataSearchTask;
			productReference = F67E69181EC1CB890050BC4B /* CoreDataSearchTask.app */;
			productType = "com.apple.product-type.application";
		};
/* End PBXNativeTarget section */

/* Begin PBXProject section */
		F67E69101EC1CB890050BC4B /* Project object */ = {
			isa = PBXProject;
			attributes = {
				LastSwiftUpdateCheck = 0830;
				LastUpgradeCheck = 0830;
				ORGANIZATIONNAME = BonMac21;
				TargetAttributes = {
					F67E69171EC1CB890050BC4B = {
						CreatedOnToolsVersion = 8.3.2;
						DevelopmentTeam = TEVRNEAJV3;
						ProvisioningStyle = Automatic;
					};
				};
			};
			buildConfigurationList = F67E69131EC1CB890050BC4B /* Build configuration list for PBXProject "CoreDataSearchTask" */;
			compatibilityVersion = "Xcode 3.2";
			developmentRegion = English;
			hasScannedForEncodings = 0;
			knownRegions = (
				en,
				Base,
			);
			mainGroup = F67E690F1EC1CB890050BC4B;
			productRefGroup = F67E69191EC1CB890050BC4B /* Products */;
			projectDirPath = "";
			projectRoot = "";
			targets = (
				F67E69171EC1CB890050BC4B /* CoreDataSearchTask */,
			);
		};
/* End PBXProject section */

/* Begin PBXResourcesBuildPhase section */
		F67E69161EC1CB890050BC4B /* Resources */ = {
			isa = PBXResourcesBuildPhase;
			buildActionMask = 2147483647;
			files = (
				F67E69291EC1CB890050BC4B /* LaunchScreen.storyboard in Resources */,
				F67E69261EC1CB890050BC4B /* Assets.xcassets in Resources */,
				F67E69211EC1CB890050BC4B /* Main.storyboard in Resources */,
			);
			runOnlyForDeploymentPostprocessing = 0;
		};
/* End PBXResourcesBuildPhase section */

/* Begin PBXSourcesBuildPhase section */
		F67E69141EC1CB890050BC4B /* Sources */ = {
			isa = PBXSourcesBuildPhase;
			buildActionMask = 2147483647;
			files = (
				F67E691E1EC1CB890050BC4B /* ViewController.swift in Sources */,
				F67E69241EC1CB890050BC4B /* CoreDataSearchTask.xcdatamodeld in Sources */,
				F67E69311EC1CD420050BC4B /* CoreDataCollectionViewCell.swift in Sources */,
				F67E691C1EC1CB890050BC4B /* AppDelegate.swift in Sources */,
			);
			runOnlyForDeploymentPostprocessing = 0;
		};
/* End PBXSourcesBuildPhase section */

/* Begin PBXVariantGroup section */
		F67E691F1EC1CB890050BC4B /* Main.storyboard */ = {
			isa = PBXVariantGroup;
			children = (
				F67E69201EC1CB890050BC4B /* Base */,
			);
			name = Main.storyboard;
			sourceTree = "<group>";
		};
		F67E69271EC1CB890050BC4B /* LaunchScreen.storyboard */ = {
			isa = PBXVariantGroup;
			children = (
				F67E69281EC1CB890050BC4B /* Base */,
			);
			name = LaunchScreen.storyboard;
			sourceTree = "<group>";
		};
/* End PBXVariantGroup section */

/* Begin XCBuildConfiguration section */
		F67E692B1EC1CB8A0050BC4B /* Debug */ = {
			isa = XCBuildConfiguration;
			buildSettings = {
				ALWAYS_SEARCH_USER_PATHS = NO;
				CLANG_ANALYZER_NONNULL = YES;
				CLANG_ANALYZER_NUMBER_OBJECT_CONVERSION = YES_AGGRESSIVE;
				CLANG_CXX_LANGUAGE_STANDARD = "gnu++0x";
				CLANG_CXX_LIBRARY = "libc++";
				CLANG_ENABLE_MODULES = YES;
				CLANG_ENABLE_OBJC_ARC = YES;
				CLANG_WARN_BOOL_CONVERSION = YES;
				CLANG_WARN_CONSTANT_CONVERSION = YES;
				CLANG_WARN_DIRECT_OBJC_ISA_USAGE = YES_ERROR;
				CLANG_WARN_DOCUMENTATION_COMMENTS = YES;
				CLANG_WARN_EMPTY_BODY = YES;
				CLANG_WARN_ENUM_CONVERSION = YES;
				CLANG_WARN_INFINITE_RECURSION = YES;
				CLANG_WARN_INT_CONVERSION = YES;
				CLANG_WARN_OBJC_ROOT_CLASS = YES_ERROR;
				CLANG_WARN_SUSPICIOUS_MOVE = YES;
				CLANG_WARN_UNREACHABLE_CODE = YES;
				CLANG_WARN__DUPLICATE_METHOD_MATCH = YES;
				"CODE_SIGN_IDENTITY[sdk=iphoneos*]" = "iPhone Developer";
				COPY_PHASE_STRIP = NO;
				DEBUG_INFORMATION_FORMAT = dwarf;
				ENABLE_STRICT_OBJC_MSGSEND = YES;
				ENABLE_TESTABILITY = YES;
				GCC_C_LANGUAGE_STANDARD = gnu99;
				GCC_DYNAMIC_NO_PIC = NO;
				GCC_NO_COMMON_BLOCKS = YES;
				GCC_OPTIMIZATION_LEVEL = 0;
				GCC_PREPROCESSOR_DEFINITIONS = (
					"DEBUG=1",
					"$(inherited)",
				);
				GCC_WARN_64_TO_32_BIT_CONVERSION = YES;
				GCC_WARN_ABOUT_RETURN_TYPE = YES_ERROR;
				GCC_WARN_UNDECLARED_SELECTOR = YES;
				GCC_WARN_UNINITIALIZED_AUTOS = YES_AGGRESSIVE;
				GCC_WARN_UNUSED_FUNCTION = YES;
				GCC_WARN_UNUSED_VARIABLE = YES;
				IPHONEOS_DEPLOYMENT_TARGET = 10.3;
				MTL_ENABLE_DEBUG_INFO = YES;
				ONLY_ACTIVE_ARCH = YES;
				SDKROOT = iphoneos;
				SWIFT_ACTIVE_COMPILATION_CONDITIONS = DEBUG;
				SWIFT_OPTIMIZATION_LEVEL = "-Onone";
				TARGETED_DEVICE_FAMILY = "1,2";
			};
			name = Debug;
		};
		F67E692C1EC1CB8A0050BC4B /* Release */ = {
			isa = XCBuildConfiguration;
			buildSettings = {
				ALWAYS_SEARCH_USER_PATHS = NO;
				CLANG_ANALYZER_NONNULL = YES;
				CLANG_ANALYZER_NUMBER_OBJECT_CONVERSION = YES_AGGRESSIVE;
				CLANG_CXX_LANGUAGE_STANDARD = "gnu++0x";
				CLANG_CXX_LIBRARY = "libc++";
				CLANG_ENABLE_MODULES = YES;
				CLANG_ENABLE_OBJC_ARC = YES;
				CLANG_WARN_BOOL_CONVERSION = YES;
				CLANG_WARN_CONSTANT_CONVERSION = YES;
				CLANG_WARN_DIRECT_OBJC_ISA_USAGE = YES_ERROR;
				CLANG_WARN_DOCUMENTATION_COMMENTS = YES;
				CLANG_WARN_EMPTY_BODY = YES;
				CLANG_WARN_ENUM_CONVERSION = YES;
				CLANG_WARN_INFINITE_RECURSION = YES;
				CLANG_WARN_INT_CONVERSION = YES;
				CLANG_WARN_OBJC_ROOT_CLASS = YES_ERROR;
				CLANG_WARN_SUSPICIOUS_MOVE = YES;
				CLANG_WARN_UNREACHABLE_CODE = YES;
				CLANG_WARN__DUPLICATE_METHOD_MATCH = YES;
				"CODE_SIGN_IDENTITY[sdk=iphoneos*]" = "iPhone Developer";
				COPY_PHASE_STRIP = NO;
				DEBUG_INFORMATION_FORMAT = "dwarf-with-dsym";
				ENABLE_NS_ASSERTIONS = NO;
				ENABLE_STRICT_OBJC_MSGSEND = YES;
				GCC_C_LANGUAGE_STANDARD = gnu99;
				GCC_NO_COMMON_BLOCKS = YES;
				GCC_WARN_64_TO_32_BIT_CONVERSION = YES;
				GCC_WARN_ABOUT_RETURN_TYPE = YES_ERROR;
				GCC_WARN_UNDECLARED_SELECTOR = YES;
				GCC_WARN_UNINITIALIZED_AUTOS = YES_AGGRESSIVE;
				GCC_WARN_UNUSED_FUNCTION = YES;
				GCC_WARN_UNUSED_VARIABLE = YES;
				IPHONEOS_DEPLOYMENT_TARGET = 10.3;
				MTL_ENABLE_DEBUG_INFO = NO;
				SDKROOT = iphoneos;
				SWIFT_OPTIMIZATION_LEVEL = "-Owholemodule";
				TARGETED_DEVICE_FAMILY = "1,2";
				VALIDATE_PRODUCT = YES;
			};
			name = Release;
		};
		F67E692E1EC1CB8A0050BC4B /* Debug */ = {
			isa = XCBuildConfiguration;
			buildSettings = {
				ASSETCATALOG_COMPILER_APPICON_NAME = AppIcon;
				DEVELOPMENT_TEAM = TEVRNEAJV3;
				INFOPLIST_FILE = CoreDataSearchTask/Info.plist;
				LD_RUNPATH_SEARCH_PATHS = "$(inherited) @executable_path/Frameworks";
				PRODUCT_BUNDLE_IDENTIFIER = BON.CoreDataSearchTask;
				PRODUCT_NAME = "$(TARGET_NAME)";
				SWIFT_VERSION = 3.0;
			};
			name = Debug;
		};
		F67E692F1EC1CB8A0050BC4B /* Release */ = {
			isa = XCBuildConfiguration;
			buildSettings = {
				ASSETCATALOG_COMPILER_APPICON_NAME = AppIcon;
				DEVELOPMENT_TEAM = TEVRNEAJV3;
				INFOPLIST_FILE = CoreDataSearchTask/Info.plist;
				LD_RUNPATH_SEARCH_PATHS = "$(inherited) @executable_path/Frameworks";
				PRODUCT_BUNDLE_IDENTIFIER = BON.CoreDataSearchTask;
				PRODUCT_NAME = "$(TARGET_NAME)";
				SWIFT_VERSION = 3.0;
			};
			name = Release;
		};
/* End XCBuildConfiguration section */

/* Begin XCConfigurationList section */
		F67E69131EC1CB890050BC4B /* Build configuration list for PBXProject "CoreDataSearchTask" */ = {
			isa = XCConfigurationList;
			buildConfigurations = (
				F67E692B1EC1CB8A0050BC4B /* Debug */,
				F67E692C1EC1CB8A0050BC4B /* Release */,
			);
			defaultConfigurationIsVisible = 0;
			defaultConfigurationName = Release;
		};
		F67E692D1EC1CB8A0050BC4B /* Build configuration list for PBXNativeTarget "CoreDataSearchTask" */ = {
			isa = XCConfigurationList;
			buildConfigurations = (
				F67E692E1EC1CB8A0050BC4B /* Debug */,
				F67E692F1EC1CB8A0050BC4B /* Release */,
			);
			defaultConfigurationIsVisible = 0;
		};
/* End XCConfigurationList section */

/* Begin XCVersionGroup section */
		F67E69221EC1CB890050BC4B /* CoreDataSearchTask.xcdatamodeld */ = {
			isa = XCVersionGroup;
			children = (
				F67E69231EC1CB890050BC4B /* CoreDataSearchTask.xcdatamodel */,
			);
			currentVersion = F67E69231EC1CB890050BC4B /* CoreDataSearchTask.xcdatamodel */;
			path = CoreDataSearchTask.xcdatamodeld;
			sourceTree = "<group>";
			versionGroupType = wrapper.xcdatamodel;
		};
/* End XCVersionGroup section */
	};
	rootObject = F67E69101EC1CB890050BC4B /* Project object */;
}
