// !$*UTF8*$!
{
	archiveVersion = 1;
	classes = {
	};
	objectVersion = 46;
	objects = {

/* Begin PBXBuildFile section */
		F639A93E1E14D18B00EE3285 /* CoreDataDetailController.swift in Sources */ = {isa = PBXBuildFile; fileRef = F639A93D1E14D18B00EE3285 /* CoreDataDetailController.swift */; };
		F63A25B51E1126DA00777C86 /* AppDelegate.swift in Sources */ = {isa = PBXBuildFile; fileRef = F63A25B41E1126DA00777C86 /* AppDelegate.swift */; };
		F63A25BA1E1126DA00777C86 /* Main.storyboard in Resources */ = {isa = PBXBuildFile; fileRef = F63A25B81E1126DA00777C86 /* Main.storyboard */; };
		F63A25BD1E1126DA00777C86 /* CoreDataSaveNdRetrieve.xcdatamodeld in Sources */ = {isa = PBXBuildFile; fileRef = F63A25BB1E1126DA00777C86 /* CoreDataSaveNdRetrieve.xcdatamodeld */; };
		F63A25BF1E1126DA00777C86 /* Assets.xcassets in Resources */ = {isa = PBXBuildFile; fileRef = F63A25BE1E1126DA00777C86 /* Assets.xcassets */; };
		F63A25C21E1126DA00777C86 /* LaunchScreen.storyboard in Resources */ = {isa = PBXBuildFile; fileRef = F63A25C01E1126DA00777C86 /* LaunchScreen.storyboard */; };
		F63A25CE1E11276B00777C86 /* CoreDataAddController.swift in Sources */ = {isa = PBXBuildFile; fileRef = F63A25CD1E11276B00777C86 /* CoreDataAddController.swift */; };
		F63A25D01E1128F900777C86 /* CoreDataSecondController.swift in Sources */ = {isa = PBXBuildFile; fileRef = F63A25CF1E1128F900777C86 /* CoreDataSecondController.swift */; };
		F63A25D21E112CA400777C86 /* TableViewCell.swift in Sources */ = {isa = PBXBuildFile; fileRef = F63A25D11E112CA400777C86 /* TableViewCell.swift */; };
/* End PBXBuildFile section */

/* Begin PBXFileReference section */
		F639A93D1E14D18B00EE3285 /* CoreDataDetailController.swift */ = {isa = PBXFileReference; fileEncoding = 4; lastKnownFileType = sourcecode.swift; name = CoreDataDetailController.swift; path = Controller/CoreDataDetailController.swift; sourceTree = "<group>"; };
		F63A25B11E1126DA00777C86 /* CoreDataSaveNdRetrieve.app */ = {isa = PBXFileReference; explicitFileType = wrapper.application; includeInIndex = 0; path = CoreDataSaveNdRetrieve.app; sourceTree = BUILT_PRODUCTS_DIR; };
		F63A25B41E1126DA00777C86 /* AppDelegate.swift */ = {isa = PBXFileReference; lastKnownFileType = sourcecode.swift; path = AppDelegate.swift; sourceTree = "<group>"; };
		F63A25B91E1126DA00777C86 /* Base */ = {isa = PBXFileReference; lastKnownFileType = file.storyboard; name = Base; path = Base.lproj/Main.storyboard; sourceTree = "<group>"; };
		F63A25BC1E1126DA00777C86 /* CoreDataSaveNdRetrieve.xcdatamodel */ = {isa = PBXFileReference; lastKnownFileType = wrapper.xcdatamodel; path = CoreDataSaveNdRetrieve.xcdatamodel; sourceTree = "<group>"; };
		F63A25BE1E1126DA00777C86 /* Assets.xcassets */ = {isa = PBXFileReference; lastKnownFileType = folder.assetcatalog; path = Assets.xcassets; sourceTree = "<group>"; };
		F63A25C11E1126DA00777C86 /* Base */ = {isa = PBXFileReference; lastKnownFileType = file.storyboard; name = Base; path = Base.lproj/LaunchScreen.storyboard; sourceTree = "<group>"; };
		F63A25C31E1126DA00777C86 /* Info.plist */ = {isa = PBXFileReference; lastKnownFileType = text.plist.xml; path = Info.plist; sourceTree = "<group>"; };
		F63A25CD1E11276B00777C86 /* CoreDataAddController.swift */ = {isa = PBXFileReference; fileEncoding = 4; lastKnownFileType = sourcecode.swift; name = CoreDataAddController.swift; path = Controller/CoreDataAddController.swift; sourceTree = "<group>"; };
		F63A25CF1E1128F900777C86 /* CoreDataSecondController.swift */ = {isa = PBXFileReference; fileEncoding = 4; lastKnownFileType = sourcecode.swift; name = CoreDataSecondController.swift; path = Controller/CoreDataSecondController.swift; sourceTree = "<group>"; };
		F63A25D11E112CA400777C86 /* TableViewCell.swift */ = {isa = PBXFileReference; fileEncoding = 4; lastKnownFileType = sourcecode.swift; name = TableViewCell.swift; path = View/TableViewCell.swift; sourceTree = "<group>"; };
/* End PBXFileReference section */

/* Begin PBXFrameworksBuildPhase section */
		F63A25AE1E1126DA00777C86 /* Frameworks */ = {
			isa = PBXFrameworksBuildPhase;
			buildActionMask = 2147483647;
			files = (
			);
			runOnlyForDeploymentPostprocessing = 0;
		};
/* End PBXFrameworksBuildPhase section */

/* Begin PBXGroup section */
		F63A25A81E1126DA00777C86 = {
			isa = PBXGroup;
			children = (
				F63A25B31E1126DA00777C86 /* CoreDataSaveNdRetrieve */,
				F63A25B21E1126DA00777C86 /* Products */,
			);
			sourceTree = "<group>";
		};
		F63A25B21E1126DA00777C86 /* Products */ = {
			isa = PBXGroup;
			children = (
				F63A25B11E1126DA00777C86 /* CoreDataSaveNdRetrieve.app */,
			);
			name = Products;
			sourceTree = "<group>";
		};
		F63A25B31E1126DA00777C86 /* CoreDataSaveNdRetrieve */ = {
			isa = PBXGroup;
			children = (
				F63A25C91E1126E100777C86 /* Model */,
				F63A25CB1E1126EE00777C86 /* View */,
				F63A25CC1E1126F500777C86 /* Controller */,
				F63A25B41E1126DA00777C86 /* AppDelegate.swift */,
				F63A25B81E1126DA00777C86 /* Main.storyboard */,
				F63A25BE1E1126DA00777C86 /* Assets.xcassets */,
				F63A25C01E1126DA00777C86 /* LaunchScreen.storyboard */,
				F63A25C31E1126DA00777C86 /* Info.plist */,
				F63A25BB1E1126DA00777C86 /* CoreDataSaveNdRetrieve.xcdatamodeld */,
			);
			path = CoreDataSaveNdRetrieve;
			sourceTree = "<group>";
		};
		F63A25C91E1126E100777C86 /* Model */ = {
			isa = PBXGroup;
			children = (
			);
			name = Model;
			sourceTree = "<group>";
		};
		F63A25CB1E1126EE00777C86 /* View */ = {
			isa = PBXGroup;
			children = (
				F63A25D11E112CA400777C86 /* TableViewCell.swift */,
			);
			name = View;
			sourceTree = "<group>";
		};
		F63A25CC1E1126F500777C86 /* Controller */ = {
			isa = PBXGroup;
			children = (
				F63A25CD1E11276B00777C86 /* CoreDataAddController.swift */,
				F63A25CF1E1128F900777C86 /* CoreDataSecondController.swift */,
				F639A93D1E14D18B00EE3285 /* CoreDataDetailController.swift */,
			);
			name = Controller;
			sourceTree = "<group>";
		};
/* End PBXGroup section */

/* Begin PBXNativeTarget section */
		F63A25B01E1126DA00777C86 /* CoreDataSaveNdRetrieve */ = {
			isa = PBXNativeTarget;
			buildConfigurationList = F63A25C61E1126DA00777C86 /* Build configuration list for PBXNativeTarget "CoreDataSaveNdRetrieve" */;
			buildPhases = (
				F63A25AD1E1126DA00777C86 /* Sources */,
				F63A25AE1E1126DA00777C86 /* Frameworks */,
				F63A25AF1E1126DA00777C86 /* Resources */,
			);
			buildRules = (
			);
			dependencies = (
			);
			name = CoreDataSaveNdRetrieve;
			productName = CoreDataSaveNdRetrieve;
			productReference = F63A25B11E1126DA00777C86 /* CoreDataSaveNdRetrieve.app */;
			productType = "com.apple.product-type.application";
		};
/* End PBXNativeTarget section */

/* Begin PBXProject section */
		F63A25A91E1126DA00777C86 /* Project object */ = {
			isa = PBXProject;
			attributes = {
				LastSwiftUpdateCheck = 0820;
				LastUpgradeCheck = 0820;
				ORGANIZATIONNAME = BonMac21;
				TargetAttributes = {
					F63A25B01E1126DA00777C86 = {
						CreatedOnToolsVersion = 8.2.1;
						DevelopmentTeam = TEVRNEAJV3;
						ProvisioningStyle = Automatic;
					};
				};
			};
			buildConfigurationList = F63A25AC1E1126DA00777C86 /* Build configuration list for PBXProject "CoreDataSaveNdRetrieve" */;
			compatibilityVersion = "Xcode 3.2";
			developmentRegion = English;
			hasScannedForEncodings = 0;
			knownRegions = (
				en,
				Base,
			);
			mainGroup = F63A25A81E1126DA00777C86;
			productRefGroup = F63A25B21E1126DA00777C86 /* Products */;
			projectDirPath = "";
			projectRoot = "";
			targets = (
				F63A25B01E1126DA00777C86 /* CoreDataSaveNdRetrieve */,
			);
		};
/* End PBXProject section */

/* Begin PBXResourcesBuildPhase section */
		F63A25AF1E1126DA00777C86 /* Resources */ = {
			isa = PBXResourcesBuildPhase;
			buildActionMask = 2147483647;
			files = (
				F63A25C21E1126DA00777C86 /* LaunchScreen.storyboard in Resources */,
				F63A25BF1E1126DA00777C86 /* Assets.xcassets in Resources */,
				F63A25BA1E1126DA00777C86 /* Main.storyboard in Resources */,
			);
			runOnlyForDeploymentPostprocessing = 0;
		};
/* End PBXResourcesBuildPhase section */

/* Begin PBXSourcesBuildPhase section */
		F63A25AD1E1126DA00777C86 /* Sources */ = {
			isa = PBXSourcesBuildPhase;
			buildActionMask = 2147483647;
			files = (
				F63A25D21E112CA400777C86 /* TableViewCell.swift in Sources */,
				F63A25D01E1128F900777C86 /* CoreDataSecondController.swift in Sources */,
				F63A25B51E1126DA00777C86 /* AppDelegate.swift in Sources */,
				F63A25CE1E11276B00777C86 /* CoreDataAddController.swift in Sources */,
				F63A25BD1E1126DA00777C86 /* CoreDataSaveNdRetrieve.xcdatamodeld in Sources */,
				F639A93E1E14D18B00EE3285 /* CoreDataDetailController.swift in Sources */,
			);
			runOnlyForDeploymentPostprocessing = 0;
		};
/* End PBXSourcesBuildPhase section */

/* Begin PBXVariantGroup section */
		F63A25B81E1126DA00777C86 /* Main.storyboard */ = {
			isa = PBXVariantGroup;
			children = (
				F63A25B91E1126DA00777C86 /* Base */,
			);
			name = Main.storyboard;
			sourceTree = "<group>";
		};
		F63A25C01E1126DA00777C86 /* LaunchScreen.storyboard */ = {
			isa = PBXVariantGroup;
			children = (
				F63A25C11E1126DA00777C86 /* Base */,
			);
			name = LaunchScreen.storyboard;
			sourceTree = "<group>";
		};
/* End PBXVariantGroup section */

/* Begin XCBuildConfiguration section */
		F63A25C41E1126DA00777C86 /* Debug */ = {
			isa = XCBuildConfiguration;
			buildSettings = {
				ALWAYS_SEARCH_USER_PATHS = NO;
				CLANG_ANALYZER_NONNULL = YES;
				CLANG_CXX_LANGUAGE_STANDARD = "gnu++0x";
				CLANG_CXX_LIBRARY = "libc++";
				CLANG_ENABLE_MODULES = YES;
				CLANG_ENABLE_OBJC_ARC = YES;
				CLANG_WARN_BOOL_CONVERSION = YES;
				CLANG_WARN_CONSTANT_CONVERSION = YES;
				CLANG_WARN_DIRECT_OBJC_ISA_USAGE = YES_ERROR;
				CLANG_WARN_DOCUMENTATION_COMMENTS = YES;
				CLANG_WARN_EMPTY_BODY = YES;
				CLANG_WARN_ENUM_CONVERSION = YES;
				CLANG_WARN_INFINITE_RECURSION = YES;
				CLANG_WARN_INT_CONVERSION = YES;
				CLANG_WARN_OBJC_ROOT_CLASS = YES_ERROR;
				CLANG_WARN_SUSPICIOUS_MOVE = YES;
				CLANG_WARN_UNREACHABLE_CODE = YES;
				CLANG_WARN__DUPLICATE_METHOD_MATCH = YES;
				"CODE_SIGN_IDENTITY[sdk=iphoneos*]" = "iPhone Developer";
				COPY_PHASE_STRIP = NO;
				DEBUG_INFORMATION_FORMAT = dwarf;
				ENABLE_STRICT_OBJC_MSGSEND = YES;
				ENABLE_TESTABILITY = YES;
				GCC_C_LANGUAGE_STANDARD = gnu99;
				GCC_DYNAMIC_NO_PIC = NO;
				GCC_NO_COMMON_BLOCKS = YES;
				GCC_OPTIMIZATION_LEVEL = 0;
				GCC_PREPROCESSOR_DEFINITIONS = (
					"DEBUG=1",
					"$(inherited)",
				);
				GCC_WARN_64_TO_32_BIT_CONVERSION = YES;
				GCC_WARN_ABOUT_RETURN_TYPE = YES_ERROR;
				GCC_WARN_UNDECLARED_SELECTOR = YES;
				GCC_WARN_UNINITIALIZED_AUTOS = YES_AGGRESSIVE;
				GCC_WARN_UNUSED_FUNCTION = YES;
				GCC_WARN_UNUSED_VARIABLE = YES;
				IPHONEOS_DEPLOYMENT_TARGET = 10.2;
				MTL_ENABLE_DEBUG_INFO = YES;
				ONLY_ACTIVE_ARCH = YES;
				SDKROOT = iphoneos;
				SWIFT_ACTIVE_COMPILATION_CONDITIONS = DEBUG;
				SWIFT_OPTIMIZATION_LEVEL = "-Onone";
				TARGETED_DEVICE_FAMILY = "1,2";
			};
			name = Debug;
		};
		F63A25C51E1126DA00777C86 /* Release */ = {
			isa = XCBuildConfiguration;
			buildSettings = {
				ALWAYS_SEARCH_USER_PATHS = NO;
				CLANG_ANALYZER_NONNULL = YES;
				CLANG_CXX_LANGUAGE_STANDARD = "gnu++0x";
				CLANG_CXX_LIBRARY = "libc++";
				CLANG_ENABLE_MODULES = YES;
				CLANG_ENABLE_OBJC_ARC = YES;
				CLANG_WARN_BOOL_CONVERSION = YES;
				CLANG_WARN_CONSTANT_CONVERSION = YES;
				CLANG_WARN_DIRECT_OBJC_ISA_USAGE = YES_ERROR;
				CLANG_WARN_DOCUMENTATION_COMMENTS = YES;
				CLANG_WARN_EMPTY_BODY = YES;
				CLANG_WARN_ENUM_CONVERSION = YES;
				CLANG_WARN_INFINITE_RECURSION = YES;
				CLANG_WARN_INT_CONVERSION = YES;
				CLANG_WARN_OBJC_ROOT_CLASS = YES_ERROR;
				CLANG_WARN_SUSPICIOUS_MOVE = YES;
				CLANG_WARN_UNREACHABLE_CODE = YES;
				CLANG_WARN__DUPLICATE_METHOD_MATCH = YES;
				"CODE_SIGN_IDENTITY[sdk=iphoneos*]" = "iPhone Developer";
				COPY_PHASE_STRIP = NO;
				DEBUG_INFORMATION_FORMAT = "dwarf-with-dsym";
				ENABLE_NS_ASSERTIONS = NO;
				ENABLE_STRICT_OBJC_MSGSEND = YES;
				GCC_C_LANGUAGE_STANDARD = gnu99;
				GCC_NO_COMMON_BLOCKS = YES;
				GCC_WARN_64_TO_32_BIT_CONVERSION = YES;
				GCC_WARN_ABOUT_RETURN_TYPE = YES_ERROR;
				GCC_WARN_UNDECLARED_SELECTOR = YES;
				GCC_WARN_UNINITIALIZED_AUTOS = YES_AGGRESSIVE;
				GCC_WARN_UNUSED_FUNCTION = YES;
				GCC_WARN_UNUSED_VARIABLE = YES;
				IPHONEOS_DEPLOYMENT_TARGET = 10.2;
				MTL_ENABLE_DEBUG_INFO = NO;
				SDKROOT = iphoneos;
				SWIFT_OPTIMIZATION_LEVEL = "-Owholemodule";
				TARGETED_DEVICE_FAMILY = "1,2";
				VALIDATE_PRODUCT = YES;
			};
			name = Release;
		};
		F63A25C71E1126DA00777C86 /* Debug */ = {
			isa = XCBuildConfiguration;
			buildSettings = {
				ASSETCATALOG_COMPILER_APPICON_NAME = AppIcon;
				DEVELOPMENT_TEAM = TEVRNEAJV3;
				INFOPLIST_FILE = CoreDataSaveNdRetrieve/Info.plist;
				LD_RUNPATH_SEARCH_PATHS = "$(inherited) @executable_path/Frameworks";
				PRODUCT_BUNDLE_IDENTIFIER = BON.CoreDataSaveNdRetrieve;
				PRODUCT_NAME = "$(TARGET_NAME)";
				SWIFT_VERSION = 3.0;
			};
			name = Debug;
		};
		F63A25C81E1126DA00777C86 /* Release */ = {
			isa = XCBuildConfiguration;
			buildSettings = {
				ASSETCATALOG_COMPILER_APPICON_NAME = AppIcon;
				DEVELOPMENT_TEAM = TEVRNEAJV3;
				INFOPLIST_FILE = CoreDataSaveNdRetrieve/Info.plist;
				LD_RUNPATH_SEARCH_PATHS = "$(inherited) @executable_path/Frameworks";
				PRODUCT_BUNDLE_IDENTIFIER = BON.CoreDataSaveNdRetrieve;
				PRODUCT_NAME = "$(TARGET_NAME)";
				SWIFT_VERSION = 3.0;
			};
			name = Release;
		};
/* End XCBuildConfiguration section */

/* Begin XCConfigurationList section */
		F63A25AC1E1126DA00777C86 /* Build configuration list for PBXProject "CoreDataSaveNdRetrieve" */ = {
			isa = XCConfigurationList;
			buildConfigurations = (
				F63A25C41E1126DA00777C86 /* Debug */,
				F63A25C51E1126DA00777C86 /* Release */,
			);
			defaultConfigurationIsVisible = 0;
			defaultConfigurationName = Release;
		};
		F63A25C61E1126DA00777C86 /* Build configuration list for PBXNativeTarget "CoreDataSaveNdRetrieve" */ = {
			isa = XCConfigurationList;
			buildConfigurations = (
				F63A25C71E1126DA00777C86 /* Debug */,
				F63A25C81E1126DA00777C86 /* Release */,
			);
			defaultConfigurationIsVisible = 0;
			defaultConfigurationName = Release;
		};
/* End XCConfigurationList section */

/* Begin XCVersionGroup section */
		F63A25BB1E1126DA00777C86 /* CoreDataSaveNdRetrieve.xcdatamodeld */ = {
			isa = XCVersionGroup;
			children = (
				F63A25BC1E1126DA00777C86 /* CoreDataSaveNdRetrieve.xcdatamodel */,
			);
			currentVersion = F63A25BC1E1126DA00777C86 /* CoreDataSaveNdRetrieve.xcdatamodel */;
			path = CoreDataSaveNdRetrieve.xcdatamodeld;
			sourceTree = "<group>";
			versionGroupType = wrapper.xcdatamodel;
		};
/* End XCVersionGroup section */
	};
	rootObject = F63A25A91E1126DA00777C86 /* Project object */;
}
